
Microsoft Visual Studio Solution File, Format Version 12.00
# Visual Studio Version 16
VisualStudioVersion = 16.0.30011.22
MinimumVisualStudioVersion = 10.0.40219.1
Project("{FAE04EC0-301F-11D3-BF4B-00C04F79EFBC}") = "ItiClone.Android", "ItiClone.Android\ItiClone.Android.csproj", "{28434ED8-779A-4F4A-AA7A-6B266CE8BF9B}"
EndProject
Project("{FAE04EC0-301F-11D3-BF4B-00C04F79EFBC}") = "ItiClone.iOS", "ItiClone.iOS\ItiClone.iOS.csproj", "{7D5A8AF0-CACD-4417-8123-C824837297C4}"
EndProject
Project("{FAE04EC0-301F-11D3-BF4B-00C04F79EFBC}") = "ItiClone", "ItiClone\ItiClone.csproj", "{6C7C6308-6BAF-4BCC-ACFD-928BC401FE51}"
EndProject
Global
	GlobalSection(SolutionConfigurationPlatforms) = preSolution
		Debug|Any CPU = Debug|Any CPU
		Debug|iPhone = Debug|iPhone
		Debug|iPhoneSimulator = Debug|iPhoneSimulator
		Release|Any CPU = Release|Any CPU
		Release|iPhone = Release|iPhone
		Release|iPhoneSimulator = Release|iPhoneSimulator
	EndGlobalSection
	GlobalSection(ProjectConfigurationPlatforms) = postSolution
		{28434ED8-779A-4F4A-AA7A-6B266CE8BF9B}.Debug|Any CPU.ActiveCfg = Debug|Any CPU
		{28434ED8-779A-4F4A-AA7A-6B266CE8BF9B}.Debug|Any CPU.Build.0 = Debug|Any CPU
		{28434ED8-779A-4F4A-AA7A-6B266CE8BF9B}.Debug|Any CPU.Deploy.0 = Debug|Any CPU
		{28434ED8-779A-4F4A-AA7A-6B266CE8BF9B}.Debug|iPhone.ActiveCfg = Debug|Any CPU
		{28434ED8-779A-4F4A-AA7A-6B266CE8BF9B}.Debug|iPhone.Build.0 = Debug|Any CPU
		{28434ED8-779A-4F4A-AA7A-6B266CE8BF9B}.Debug|iPhone.Deploy.0 = Debug|Any CPU
		{28434ED8-779A-4F4A-AA7A-6B266CE8BF9B}.Debug|iPhoneSimulator.ActiveCfg = Debug|Any CPU
		{28434ED8-779A-4F4A-AA7A-6B266CE8BF9B}.Debug|iPhoneSimulator.Build.0 = Debug|Any CPU
		{28434ED8-779A-4F4A-AA7A-6B266CE8BF9B}.Debug|iPhoneSimulator.Deploy.0 = Debug|Any CPU
		{28434ED8-779A-4F4A-AA7A-6B266CE8BF9B}.Release|Any CPU.ActiveCfg = Release|Any CPU
		{28434ED8-779A-4F4A-AA7A-6B266CE8BF9B}.Release|Any CPU.Build.0 = Release|Any CPU
		{28434ED8-779A-4F4A-AA7A-6B266CE8BF9B}.Release|Any CPU.Deploy.0 = Release|Any CPU
		{28434ED8-779A-4F4A-AA7A-6B266CE8BF9B}.Release|iPhone.ActiveCfg = Release|Any CPU
		{28434ED8-779A-4F4A-AA7A-6B266CE8BF9B}.Release|iPhone.Build.0 = Release|Any CPU
		{28434ED8-779A-4F4A-AA7A-6B266CE8BF9B}.Release|iPhone.Deploy.0 = Release|Any CPU
		{28434ED8-779A-4F4A-AA7A-6B266CE8BF9B}.Release|iPhoneSimulator.ActiveCfg = Release|Any CPU
		{28434ED8-779A-4F4A-AA7A-6B266CE8BF9B}.Release|iPhoneSimulator.Build.0 = Release|Any CPU
		{28434ED8-779A-4F4A-AA7A-6B266CE8BF9B}.Release|iPhoneSimulator.Deploy.0 = Release|Any CPU
		{7D5A8AF0-CACD-4417-8123-C824837297C4}.Debug|Any CPU.ActiveCfg = Debug|iPhone
		{7D5A8AF0-CACD-4417-8123-C824837297C4}.Debug|Any CPU.Build.0 = Debug|iPhone
		{7D5A8AF0-CACD-4417-8123-C824837297C4}.Debug|Any CPU.Deploy.0 = Debug|iPhone
		{7D5A8AF0-CACD-4417-8123-C824837297C4}.Debug|iPhone.ActiveCfg = Debug|iPhone
		{7D5A8AF0-CACD-4417-8123-C824837297C4}.Debug|iPhone.Build.0 = Debug|iPhone
		{7D5A8AF0-CACD-4417-8123-C824837297C4}.Debug|iPhone.Deploy.0 = Debug|iPhone
		{7D5A8AF0-CACD-4417-8123-C824837297C4}.Debug|iPhoneSimulator.ActiveCfg = Debug|iPhoneSimulator
		{7D5A8AF0-CACD-4417-8123-C824837297C4}.Debug|iPhoneSimulator.Build.0 = Debug|iPhoneSimulator
		{7D5A8AF0-CACD-4417-8123-C824837297C4}.Debug|iPhoneSimulator.Deploy.0 = Debug|iPhoneSimulator
		{7D5A8AF0-CACD-4417-8123-C824837297C4}.Release|Any CPU.ActiveCfg = Release|iPhone
		{7D5A8AF0-CACD-4417-8123-C824837297C4}.Release|Any CPU.Build.0 = Release|iPhone
		{7D5A8AF0-CACD-4417-8123-C824837297C4}.Release|Any CPU.Deploy.0 = Release|iPhone
		{7D5A8AF0-CACD-4417-8123-C824837297C4}.Release|iPhone.ActiveCfg = Release|iPhone
		{7D5A8AF0-CACD-4417-8123-C824837297C4}.Release|iPhone.Build.0 = Release|iPhone
		{7D5A8AF0-CACD-4417-8123-C824837297C4}.Release|iPhone.Deploy.0 = Release|iPhone
		{7D5A8AF0-CACD-4417-8123-C824837297C4}.Release|iPhoneSimulator.ActiveCfg = Release|iPhoneSimulator
		{7D5A8AF0-CACD-4417-8123-C824837297C4}.Release|iPhoneSimulator.Build.0 = Release|iPhoneSimulator
		{7D5A8AF0-CACD-4417-8123-C824837297C4}.Release|iPhoneSimulator.Deploy.0 = Release|iPhoneSimulator
		{6C7C6308-6BAF-4BCC-ACFD-928BC401FE51}.Debug|Any CPU.ActiveCfg = Debug|Any CPU
		{6C7C6308-6BAF-4BCC-ACFD-928BC401FE51}.Debug|Any CPU.Build.0 = Debug|Any CPU
		{6C7C6308-6BAF-4BCC-ACFD-928BC401FE51}.Debug|Any CPU.Deploy.0 = Debug|Any CPU
		{6C7C6308-6BAF-4BCC-ACFD-928BC401FE51}.Debug|iPhone.ActiveCfg = Debug|Any CPU
		{6C7C6308-6BAF-4BCC-ACFD-928BC401FE51}.Debug|iPhone.Build.0 = Debug|Any CPU
		{6C7C6308-6BAF-4BCC-ACFD-928BC401FE51}.Debug|iPhone.Deploy.0 = Debug|Any CPU
		{6C7C6308-6BAF-4BCC-ACFD-928BC401FE51}.Debug|iPhoneSimulator.ActiveCfg = Debug|Any CPU
		{6C7C6308-6BAF-4BCC-ACFD-928BC401FE51}.Debug|iPhoneSimulator.Build.0 = Debug|Any CPU
		{6C7C6308-6BAF-4BCC-ACFD-928BC401FE51}.Debug|iPhoneSimulator.Deploy.0 = Debug|Any CPU
		{6C7C6308-6BAF-4BCC-ACFD-928BC401FE51}.Release|Any CPU.ActiveCfg = Release|Any CPU
		{6C7C6308-6BAF-4BCC-ACFD-928BC401FE51}.Release|Any CPU.Build.0 = Release|Any CPU
		{6C7C6308-6BAF-4BCC-ACFD-928BC401FE51}.Release|Any CPU.Deploy.0 = Release|Any CPU
		{6C7C6308-6BAF-4BCC-ACFD-928BC401FE51}.Release|iPhone.ActiveCfg = Release|Any CPU
		{6C7C6308-6BAF-4BCC-ACFD-928BC401FE51}.Release|iPhone.Build.0 = Release|Any CPU
		{6C7C6308-6BAF-4BCC-ACFD-928BC401FE51}.Release|iPhone.Deploy.0 = Release|Any CPU
		{6C7C6308-6BAF-4BCC-ACFD-928BC401FE51}.Release|iPhoneSimulator.ActiveCfg = Release|Any CPU
		{6C7C6308-6BAF-4BCC-ACFD-928BC401FE51}.Release|iPhoneSimulator.Build.0 = Release|Any CPU
		{6C7C6308-6BAF-4BCC-ACFD-928BC401FE51}.Release|iPhoneSimulator.Deploy.0 = Release|Any CPU
	EndGlobalSection
	GlobalSection(SolutionProperties) = preSolution
		HideSolutionNode = FALSE
	EndGlobalSection
	GlobalSection(ExtensibilityGlobals) = postSolution
		SolutionGuid = {1DA3BB15-97A3-4A44-9654-2E9CE8353855}
	EndGlobalSection
EndGlobal
